PODS:
  - Alamofire (5.5.0)
  - ImageSlideshow (1.9.2):
    - ImageSlideshow/Core (= 1.9.2)
  - ImageSlideshow/Core (1.9.2)
  - IQKeyboardManager (6.5.10)
  - KakaoSDK (2.11.2):
    - KakaoSDKAuth (= 2.11.2)
    - KakaoSDKCommon (= 2.11.2)
    - KakaoSDKFriend (= 2.11.2)
    - KakaoSDKNavi (= 2.11.2)
    - KakaoSDKShare (= 2.11.2)
    - KakaoSDKStory (= 2.11.2)
    - KakaoSDKTalk (= 2.11.2)
    - KakaoSDKTemplate (= 2.11.2)
    - KakaoSDKUser (= 2.11.2)
  - KakaoSDKAuth (2.11.2):
    - KakaoSDKCommon (= 2.11.2)
  - KakaoSDKCommon (2.11.2):
    - KakaoSDKCommon/Common (= 2.11.2)
    - KakaoSDKCommon/Network (= 2.11.2)
  - KakaoSDKCommon/Common (2.11.2)
  - KakaoSDKCommon/Network (2.11.2):
    - Alamofire (~> 5.1)
    - KakaoSDKCommon/Common (= 2.11.2)
  - KakaoSDKFriend (2.11.2):
    - KakaoSDKUser (= 2.11.2)
  - KakaoSDKNavi (2.11.2):
    - KakaoSDKCommon/Common (= 2.11.2)
  - KakaoSDKShare (2.11.2):
    - KakaoSDKCommon (= 2.11.2)
    - KakaoSDKTemplate (= 2.11.2)
  - KakaoSDKStory (2.11.2):
    - KakaoSDKUser (= 2.11.2)
  - KakaoSDKTalk (2.11.2):
    - KakaoSDKTemplate (= 2.11.2)
    - KakaoSDKUser (= 2.11.2)
  - KakaoSDKTemplate (2.11.2):
    - KakaoSDKCommon/Common (= 2.11.2)
  - KakaoSDKUser (2.11.2):
    - KakaoSDKAuth (= 2.11.2)
  - Kingfisher (7.3.2)
  - lottie-ios (3.4.3)
  - Pageboy (3.7.0)
  - SnapKit (5.0.1)
  - SocketRocket (0.6.0)
  - StompClientLib (1.4.1):
    - SocketRocket
  - Tabman (2.13.0):
    - Pageboy (~> 3.7.0)
  - Then (2.7.0)

DEPENDENCIES:
  - Alamofire (~> 5.2)
  - ImageSlideshow
  - IQKeyboardManager
  - KakaoSDK
  - Kingfisher
  - lottie-ios
  - Pageboy
  - SnapKit
  - StompClientLib
  - Tabman
  - Then

SPEC REPOS:
  trunk:
    - Alamofire
    - ImageSlideshow
    - IQKeyboardManager
    - KakaoSDK
    - KakaoSDKAuth
    - KakaoSDKCommon
    - KakaoSDKFriend
    - KakaoSDKNavi
    - KakaoSDKShare
    - KakaoSDKStory
    - KakaoSDKTalk
    - KakaoSDKTemplate
    - KakaoSDKUser
    - Kingfisher
    - lottie-ios
    - Pageboy
    - SnapKit
    - SocketRocket
    - StompClientLib
    - Tabman
    - Then

SPEC CHECKSUMS:
  Alamofire: 1c4fb5369c3fe93d2857c780d8bbe09f06f97e7c
  ImageSlideshow: be305b54eaf2b2cfc7a7141c7c734605d44dc07d
  IQKeyboardManager: 45a1fa55c1a5b02c61ac0fd7fd5b62bb4ad20d97
  KakaoSDK: 22afa3e4d43a0876c68abf50405cd22e44aaee7c
  KakaoSDKAuth: 98f90fb67b2c2015cc94066a4489d54bb2f2a68e
  KakaoSDKCommon: 83fef177bcad9a8f9cb728f92e04a464882d3a82
  KakaoSDKFriend: 24147942cfe9a9237f40b7d96d9060daa6b520e4
  KakaoSDKNavi: 51c599a1db8ca1da321853033e0954b4fec24a67
  KakaoSDKShare: 2ee171a98329a172dab004ce1637f5d8c3e960d9
  KakaoSDKStory: 9d97c5afcec418feb5baa589535fd77274e7baa4
  KakaoSDKTalk: d2f935783388f200f97b6be6a0edb17321b8da6e
  KakaoSDKTemplate: 19ce588aa1899731978c5358b409fd5e607ee457
  KakaoSDKUser: bf7b02e23257199995cdd03d59feb716416d14d6
  Kingfisher: 0086ad83719761ba9b2cdaf6ef4d5b4878cbae23
  lottie-ios: 9ae750cdc7820fecbd3c2f0cfc493038208fcdc4
  Pageboy: fe646118f7168960058bea7a96038386aa7c0da8
  SnapKit: 97b92857e3df3a0c71833cce143274bf6ef8e5eb
  SocketRocket: fccef3f9c5cedea1353a9ef6ada904fde10d6608
  StompClientLib: ac40390e9660c574675f1c933bec81c8e2811a4f
  Tabman: 66ea44c44488327ec20f3c8dc5554a5d22f5908c
  Then: acfe0be7e98221c6204e12f8161459606d5d822d

PODFILE CHECKSUM: ab6fe7b3cc713a3dfd46ffd66db3f0352716d344

COCOAPODS: 1.11.2
