// !$*UTF8*$!
{
	archiveVersion = 1;
	classes = {
	};
	objectVersion = 56;
	objects = {

/* Begin PBXBuildFile section */
		04F7BDC030BF47FB6041BBD1 /* Pods_here_draw_ios.framework in Frameworks */ = {isa = PBXBuildFile; fileRef = A785D247F376F6FF223E4DCB /* Pods_here_draw_ios.framework */; };
		4F025D7E2924AAB1007A164B /* DetailTableViewController.swift in Sources */ = {isa = PBXBuildFile; fileRef = 4F025D7D2924AAB1007A164B /* DetailTableViewController.swift */; };
		4F025D812924B1C4007A164B /* ArtInfoTableViewCell.swift in Sources */ = {isa = PBXBuildFile; fileRef = 4F025D802924B1C4007A164B /* ArtInfoTableViewCell.swift */; };
		4F025D832924B1E8007A164B /* ArtHashtagTableViewCell.swift in Sources */ = {isa = PBXBuildFile; fileRef = 4F025D822924B1E8007A164B /* ArtHashtagTableViewCell.swift */; };
		4F025D852924B205007A164B /* ArtistInfoTableViewCell.swift in Sources */ = {isa = PBXBuildFile; fileRef = 4F025D842924B205007A164B /* ArtistInfoTableViewCell.swift */; };
		4F025D872924B22D007A164B /* ArtsTableViewCell.swift in Sources */ = {isa = PBXBuildFile; fileRef = 4F025D862924B22D007A164B /* ArtsTableViewCell.swift */; };
		4F025D892924B24D007A164B /* ArtsCollectionViewCell.swift in Sources */ = {isa = PBXBuildFile; fileRef = 4F025D882924B24D007A164B /* ArtsCollectionViewCell.swift */; };
		4F025D8B2924E0F8007A164B /* ArtAPI.swift in Sources */ = {isa = PBXBuildFile; fileRef = 4F025D8A2924E0F8007A164B /* ArtAPI.swift */; };
		4F025D8D2924E12B007A164B /* DetailViewModel.swift in Sources */ = {isa = PBXBuildFile; fileRef = 4F025D8C2924E12B007A164B /* DetailViewModel.swift */; };
		4F025D902924E2E4007A164B /* ArtInfoResponse.swift in Sources */ = {isa = PBXBuildFile; fileRef = 4F025D8F2924E2E4007A164B /* ArtInfoResponse.swift */; };
		4F025D9229254279007A164B /* ArtistInfoResponse.swift in Sources */ = {isa = PBXBuildFile; fileRef = 4F025D9129254279007A164B /* ArtistInfoResponse.swift */; };
		4F025D9429254D18007A164B /* UserAPI.swift in Sources */ = {isa = PBXBuildFile; fileRef = 4F025D9329254D18007A164B /* UserAPI.swift */; };
		4F025D96292551EB007A164B /* OtherArtsResponse.swift in Sources */ = {isa = PBXBuildFile; fileRef = 4F025D95292551EB007A164B /* OtherArtsResponse.swift */; };
		4F025D9929255422007A164B /* OtherArtsViewType.swift in Sources */ = {isa = PBXBuildFile; fileRef = 4F025D9829255422007A164B /* OtherArtsViewType.swift */; };
		4F025D9B29255B61007A164B /* RecommendedArtsViewType.swift in Sources */ = {isa = PBXBuildFile; fileRef = 4F025D9A29255B61007A164B /* RecommendedArtsViewType.swift */; };
		4F025D9D29255CE4007A164B /* RecommendedArtsResponse.swift in Sources */ = {isa = PBXBuildFile; fileRef = 4F025D9C29255CE4007A164B /* RecommendedArtsResponse.swift */; };
		4F025D9F29256E7E007A164B /* ArtHeaderViewData.swift in Sources */ = {isa = PBXBuildFile; fileRef = 4F025D9E29256E7E007A164B /* ArtHeaderViewData.swift */; };
		4F025DA129257BF5007A164B /* UIView+Extension.swift in Sources */ = {isa = PBXBuildFile; fileRef = 4F025DA029257BF5007A164B /* UIView+Extension.swift */; };
		4F025DA3292580A1007A164B /* UIImageView+Extension.swift in Sources */ = {isa = PBXBuildFile; fileRef = 4F025DA2292580A1007A164B /* UIImageView+Extension.swift */; };
		4F025DA529258414007A164B /* DynamicImage.swift in Sources */ = {isa = PBXBuildFile; fileRef = 4F025DA429258414007A164B /* DynamicImage.swift */; };
		4F025DA729262E12007A164B /* SoldoutView.swift in Sources */ = {isa = PBXBuildFile; fileRef = 4F025DA629262E12007A164B /* SoldoutView.swift */; };
		4F04A915292082F000DBF180 /* NicknameRequest.swift in Sources */ = {isa = PBXBuildFile; fileRef = 4F04A914292082F000DBF180 /* NicknameRequest.swift */; };
		4F04A9172920831200DBF180 /* NicknameResponse.swift in Sources */ = {isa = PBXBuildFile; fileRef = 4F04A9162920831200DBF180 /* NicknameResponse.swift */; };
		4F0A673828F6714600E2DFBA /* AppDelegate.swift in Sources */ = {isa = PBXBuildFile; fileRef = 4F0A673728F6714600E2DFBA /* AppDelegate.swift */; };
		4F0A673A28F6714600E2DFBA /* SceneDelegate.swift in Sources */ = {isa = PBXBuildFile; fileRef = 4F0A673928F6714600E2DFBA /* SceneDelegate.swift */; };
		4F0A674128F6714700E2DFBA /* Assets.xcassets in Resources */ = {isa = PBXBuildFile; fileRef = 4F0A674028F6714700E2DFBA /* Assets.xcassets */; };
		4F461CE529214743006A8576 /* ArtHeaderView.swift in Sources */ = {isa = PBXBuildFile; fileRef = 4F461CE429214743006A8576 /* ArtHeaderView.swift */; };
		4F5911DC291B6BC100D84018 /* BottomSheetView.swift in Sources */ = {isa = PBXBuildFile; fileRef = 4F5911DB291B6BC100D84018 /* BottomSheetView.swift */; };
		4F5911DE291B6C0000D84018 /* PassThroughView.swift in Sources */ = {isa = PBXBuildFile; fileRef = 4F5911DD291B6C0000D84018 /* PassThroughView.swift */; };
		4F5911E1291B6C5D00D84018 /* AgreeBottomSheetView.swift in Sources */ = {isa = PBXBuildFile; fileRef = 4F5911E0291B6C5D00D84018 /* AgreeBottomSheetView.swift */; };
		4F5911E3291B6CE800D84018 /* AgreementTerms.swift in Sources */ = {isa = PBXBuildFile; fileRef = 4F5911E2291B6CE800D84018 /* AgreementTerms.swift */; };
		4F5911E6291B725700D84018 /* AgreementTableViewCell.swift in Sources */ = {isa = PBXBuildFile; fileRef = 4F5911E5291B725700D84018 /* AgreementTableViewCell.swift */; };
		4F5911E8291BA28A00D84018 /* AgreementViewController.swift in Sources */ = {isa = PBXBuildFile; fileRef = 4F5911E7291BA28A00D84018 /* AgreementViewController.swift */; };
		4F5911EA291BB58100D84018 /* AgreementContents.swift in Sources */ = {isa = PBXBuildFile; fileRef = 4F5911E9291BB58100D84018 /* AgreementContents.swift */; };
		4F7D9D672921339B00A9ABE1 /* DetailViewController.swift in Sources */ = {isa = PBXBuildFile; fileRef = 4F7D9D662921339B00A9ABE1 /* DetailViewController.swift */; };
		4F89175C28FBC297005A1B81 /* UIColor+Extension.swift in Sources */ = {isa = PBXBuildFile; fileRef = 4F89175B28FBC297005A1B81 /* UIColor+Extension.swift */; };
		4F89176028FBCC3E005A1B81 /* GmarketSans-Bold.otf in Resources */ = {isa = PBXBuildFile; fileRef = 4F89175E28FBCC3E005A1B81 /* GmarketSans-Bold.otf */; };
		4F89176128FBCC3E005A1B81 /* GmarketSans-Medium.otf in Resources */ = {isa = PBXBuildFile; fileRef = 4F89175F28FBCC3E005A1B81 /* GmarketSans-Medium.otf */; };
		4F89176328FBCD3C005A1B81 /* UIFont+Extension.swift in Sources */ = {isa = PBXBuildFile; fileRef = 4F89176228FBCD3C005A1B81 /* UIFont+Extension.swift */; };
		4FE736AE291E31A600861A0E /* LoginRequest.swift in Sources */ = {isa = PBXBuildFile; fileRef = 4FE736AD291E31A600861A0E /* LoginRequest.swift */; };
		4FE736B0291E31E400861A0E /* SocialLoginResponse.swift in Sources */ = {isa = PBXBuildFile; fileRef = 4FE736AF291E31E400861A0E /* SocialLoginResponse.swift */; };
		4FE736B4291EEA2800861A0E /* UIViewController+Extension.swift in Sources */ = {isa = PBXBuildFile; fileRef = 4FE736B3291EEA2800861A0E /* UIViewController+Extension.swift */; };
		4FE736B6291F560000861A0E /* LoginViewModel.swift in Sources */ = {isa = PBXBuildFile; fileRef = 4FE736B5291F560000861A0E /* LoginViewModel.swift */; };
		4FE736B8291F741F00861A0E /* AutoLoginResponse.swift in Sources */ = {isa = PBXBuildFile; fileRef = 4FE736B7291F741F00861A0E /* AutoLoginResponse.swift */; };
		4FE736BB291FE0A800861A0E /* OnboardingViewController.swift in Sources */ = {isa = PBXBuildFile; fileRef = 4FE736BA291FE0A800861A0E /* OnboardingViewController.swift */; };
		4FE736BD291FE0D500861A0E /* OnboardingViewModel.swift in Sources */ = {isa = PBXBuildFile; fileRef = 4FE736BC291FE0D500861A0E /* OnboardingViewModel.swift */; };
		4FF2A67128FD806800C236C1 /* NetworkUtils.swift in Sources */ = {isa = PBXBuildFile; fileRef = 4FF2A67028FD806800C236C1 /* NetworkUtils.swift */; };
		4FF2A67528FE3E2800C236C1 /* TabBarController.swift in Sources */ = {isa = PBXBuildFile; fileRef = 4FF2A67428FE3E2800C236C1 /* TabBarController.swift */; };
		4FF2A67728FE45B700C236C1 /* TabBarItem.swift in Sources */ = {isa = PBXBuildFile; fileRef = 4FF2A67628FE45B700C236C1 /* TabBarItem.swift */; };
		4FF2A67E28FE4BCF00C236C1 /* HomeViewController.swift in Sources */ = {isa = PBXBuildFile; fileRef = 4FF2A67D28FE4BCF00C236C1 /* HomeViewController.swift */; };
		4FF2A68028FE4BE000C236C1 /* MessageViewController.swift in Sources */ = {isa = PBXBuildFile; fileRef = 4FF2A67F28FE4BE000C236C1 /* MessageViewController.swift */; };
		4FF2A68228FE4BF000C236C1 /* ArticleViewController.swift in Sources */ = {isa = PBXBuildFile; fileRef = 4FF2A68128FE4BF000C236C1 /* ArticleViewController.swift */; };
		4FF2A68428FE4BFD00C236C1 /* WishViewController.swift in Sources */ = {isa = PBXBuildFile; fileRef = 4FF2A68328FE4BFD00C236C1 /* WishViewController.swift */; };
		4FF2A68628FE4C0B00C236C1 /* MypageViewController.swift in Sources */ = {isa = PBXBuildFile; fileRef = 4FF2A68528FE4C0B00C236C1 /* MypageViewController.swift */; };
		4FF2A68928FE6DFD00C236C1 /* BaseViewController.swift in Sources */ = {isa = PBXBuildFile; fileRef = 4FF2A68828FE6DFD00C236C1 /* BaseViewController.swift */; };
		4FF2A68D28FEC4E000C236C1 /* DeviceUtils.swift in Sources */ = {isa = PBXBuildFile; fileRef = 4FF2A68C28FEC4E000C236C1 /* DeviceUtils.swift */; };
		4FF4B4942913D92F0035ED7F /* BaseView.swift in Sources */ = {isa = PBXBuildFile; fileRef = 4FF4B4932913D92F0035ED7F /* BaseView.swift */; };
		4FF4B49A29142FF40035ED7F /* UIImage+Extension.swift in Sources */ = {isa = PBXBuildFile; fileRef = 4FF4B49929142FF40035ED7F /* UIImage+Extension.swift */; };
		4FF4B49D291646320035ED7F /* LoginViewController.swift in Sources */ = {isa = PBXBuildFile; fileRef = 4FF4B49C291646320035ED7F /* LoginViewController.swift */; };
		4FF4B4A1291691A60035ED7F /* OnboardingCollectionViewCell.swift in Sources */ = {isa = PBXBuildFile; fileRef = 4FF4B4A0291691A60035ED7F /* OnboardingCollectionViewCell.swift */; };
		4FFB547328FF9F0800093E97 /* HomeListViewController.swift in Sources */ = {isa = PBXBuildFile; fileRef = 4FFB547228FF9F0800093E97 /* HomeListViewController.swift */; };
		4FFB547828FFB77400093E97 /* PagerTab.swift in Sources */ = {isa = PBXBuildFile; fileRef = 4FFB547728FFB77400093E97 /* PagerTab.swift */; };
		4FFB547B28FFEFA100093E97 /* HomeArtCollectionViewCell.swift in Sources */ = {isa = PBXBuildFile; fileRef = 4FFB547A28FFEFA100093E97 /* HomeArtCollectionViewCell.swift */; };
		4FFB548029016F4A00093E97 /* HomeTopView.swift in Sources */ = {isa = PBXBuildFile; fileRef = 4FFB547F29016F4A00093E97 /* HomeTopView.swift */; };
		4FFB5482290170E300093E97 /* BaseScrollView.swift in Sources */ = {isa = PBXBuildFile; fileRef = 4FFB5481290170E300093E97 /* BaseScrollView.swift */; };
		4FFB54862902221100093E97 /* UIButton+Extension.swift in Sources */ = {isa = PBXBuildFile; fileRef = 4FFB54852902221100093E97 /* UIButton+Extension.swift */; };
		4FFB548B29025EE200093E97 /* HomeArtModel.swift in Sources */ = {isa = PBXBuildFile; fileRef = 4FFB548A29025EE200093E97 /* HomeArtModel.swift */; };
		4FFB549229093EAF00093E97 /* UINavigationItem+Extension.swift in Sources */ = {isa = PBXBuildFile; fileRef = 4FFB549129093EAF00093E97 /* UINavigationItem+Extension.swift */; };
		4FFB5495290CD7D900093E97 /* NavigationBarView.swift in Sources */ = {isa = PBXBuildFile; fileRef = 4FFB5494290CD7D900093E97 /* NavigationBarView.swift */; };
		4FFB549E2910445B00093E97 /* PinterestLayout.swift in Sources */ = {isa = PBXBuildFile; fileRef = 4FFB549D2910445B00093E97 /* PinterestLayout.swift */; };
/* End PBXBuildFile section */

/* Begin PBXFileReference section */
		4F025D7D2924AAB1007A164B /* DetailTableViewController.swift */ = {isa = PBXFileReference; lastKnownFileType = sourcecode.swift; path = DetailTableViewController.swift; sourceTree = "<group>"; };
		4F025D802924B1C4007A164B /* ArtInfoTableViewCell.swift */ = {isa = PBXFileReference; lastKnownFileType = sourcecode.swift; path = ArtInfoTableViewCell.swift; sourceTree = "<group>"; };
		4F025D822924B1E8007A164B /* ArtHashtagTableViewCell.swift */ = {isa = PBXFileReference; lastKnownFileType = sourcecode.swift; path = ArtHashtagTableViewCell.swift; sourceTree = "<group>"; };
		4F025D842924B205007A164B /* ArtistInfoTableViewCell.swift */ = {isa = PBXFileReference; lastKnownFileType = sourcecode.swift; path = ArtistInfoTableViewCell.swift; sourceTree = "<group>"; };
		4F025D862924B22D007A164B /* ArtsTableViewCell.swift */ = {isa = PBXFileReference; lastKnownFileType = sourcecode.swift; path = ArtsTableViewCell.swift; sourceTree = "<group>"; };
		4F025D882924B24D007A164B /* ArtsCollectionViewCell.swift */ = {isa = PBXFileReference; lastKnownFileType = sourcecode.swift; path = ArtsCollectionViewCell.swift; sourceTree = "<group>"; };
		4F025D8A2924E0F8007A164B /* ArtAPI.swift */ = {isa = PBXFileReference; lastKnownFileType = sourcecode.swift; name = ArtAPI.swift; path = "here-draw-ios/Feature/Detail/Cell/ArtAPI.swift"; sourceTree = SOURCE_ROOT; };
		4F025D8C2924E12B007A164B /* DetailViewModel.swift */ = {isa = PBXFileReference; lastKnownFileType = sourcecode.swift; path = DetailViewModel.swift; sourceTree = "<group>"; };
		4F025D8F2924E2E4007A164B /* ArtInfoResponse.swift */ = {isa = PBXFileReference; lastKnownFileType = sourcecode.swift; path = ArtInfoResponse.swift; sourceTree = "<group>"; };
		4F025D9129254279007A164B /* ArtistInfoResponse.swift */ = {isa = PBXFileReference; lastKnownFileType = sourcecode.swift; path = ArtistInfoResponse.swift; sourceTree = "<group>"; };
		4F025D9329254D18007A164B /* UserAPI.swift */ = {isa = PBXFileReference; lastKnownFileType = sourcecode.swift; name = UserAPI.swift; path = "here-draw-ios/Model/Detail/UserAPI.swift"; sourceTree = SOURCE_ROOT; };
		4F025D95292551EB007A164B /* OtherArtsResponse.swift */ = {isa = PBXFileReference; lastKnownFileType = sourcecode.swift; path = OtherArtsResponse.swift; sourceTree = "<group>"; };
		4F025D9829255422007A164B /* OtherArtsViewType.swift */ = {isa = PBXFileReference; lastKnownFileType = sourcecode.swift; path = OtherArtsViewType.swift; sourceTree = "<group>"; };
		4F025D9A29255B61007A164B /* RecommendedArtsViewType.swift */ = {isa = PBXFileReference; lastKnownFileType = sourcecode.swift; path = RecommendedArtsViewType.swift; sourceTree = "<group>"; };
		4F025D9C29255CE4007A164B /* RecommendedArtsResponse.swift */ = {isa = PBXFileReference; lastKnownFileType = sourcecode.swift; path = RecommendedArtsResponse.swift; sourceTree = "<group>"; };
		4F025D9E29256E7E007A164B /* ArtHeaderViewData.swift */ = {isa = PBXFileReference; lastKnownFileType = sourcecode.swift; path = ArtHeaderViewData.swift; sourceTree = "<group>"; };
		4F025DA029257BF5007A164B /* UIView+Extension.swift */ = {isa = PBXFileReference; lastKnownFileType = sourcecode.swift; path = "UIView+Extension.swift"; sourceTree = "<group>"; };
		4F025DA2292580A1007A164B /* UIImageView+Extension.swift */ = {isa = PBXFileReference; lastKnownFileType = sourcecode.swift; path = "UIImageView+Extension.swift"; sourceTree = "<group>"; };
		4F025DA429258414007A164B /* DynamicImage.swift */ = {isa = PBXFileReference; lastKnownFileType = sourcecode.swift; path = DynamicImage.swift; sourceTree = "<group>"; };
		4F025DA629262E12007A164B /* SoldoutView.swift */ = {isa = PBXFileReference; lastKnownFileType = sourcecode.swift; path = SoldoutView.swift; sourceTree = "<group>"; };
		4F04A914292082F000DBF180 /* NicknameRequest.swift */ = {isa = PBXFileReference; lastKnownFileType = sourcecode.swift; path = NicknameRequest.swift; sourceTree = "<group>"; };
		4F04A9162920831200DBF180 /* NicknameResponse.swift */ = {isa = PBXFileReference; lastKnownFileType = sourcecode.swift; path = NicknameResponse.swift; sourceTree = "<group>"; };
		4F0A673428F6714600E2DFBA /* here-draw-ios.app */ = {isa = PBXFileReference; explicitFileType = wrapper.application; includeInIndex = 0; path = "here-draw-ios.app"; sourceTree = BUILT_PRODUCTS_DIR; };
		4F0A673728F6714600E2DFBA /* AppDelegate.swift */ = {isa = PBXFileReference; lastKnownFileType = sourcecode.swift; path = AppDelegate.swift; sourceTree = "<group>"; };
		4F0A673928F6714600E2DFBA /* SceneDelegate.swift */ = {isa = PBXFileReference; lastKnownFileType = sourcecode.swift; path = SceneDelegate.swift; sourceTree = "<group>"; };
		4F0A674028F6714700E2DFBA /* Assets.xcassets */ = {isa = PBXFileReference; lastKnownFileType = folder.assetcatalog; path = Assets.xcassets; sourceTree = "<group>"; };
		4F0A674528F6714700E2DFBA /* Info.plist */ = {isa = PBXFileReference; lastKnownFileType = text.plist.xml; path = Info.plist; sourceTree = "<group>"; };
		4F461CE429214743006A8576 /* ArtHeaderView.swift */ = {isa = PBXFileReference; lastKnownFileType = sourcecode.swift; path = ArtHeaderView.swift; sourceTree = "<group>"; };
		4F5911DB291B6BC100D84018 /* BottomSheetView.swift */ = {isa = PBXFileReference; lastKnownFileType = sourcecode.swift; path = BottomSheetView.swift; sourceTree = "<group>"; };
		4F5911DD291B6C0000D84018 /* PassThroughView.swift */ = {isa = PBXFileReference; lastKnownFileType = sourcecode.swift; path = PassThroughView.swift; sourceTree = "<group>"; };
		4F5911E0291B6C5D00D84018 /* AgreeBottomSheetView.swift */ = {isa = PBXFileReference; lastKnownFileType = sourcecode.swift; path = AgreeBottomSheetView.swift; sourceTree = "<group>"; };
		4F5911E2291B6CE800D84018 /* AgreementTerms.swift */ = {isa = PBXFileReference; lastKnownFileType = sourcecode.swift; path = AgreementTerms.swift; sourceTree = "<group>"; };
		4F5911E5291B725700D84018 /* AgreementTableViewCell.swift */ = {isa = PBXFileReference; lastKnownFileType = sourcecode.swift; path = AgreementTableViewCell.swift; sourceTree = "<group>"; };
		4F5911E7291BA28A00D84018 /* AgreementViewController.swift */ = {isa = PBXFileReference; lastKnownFileType = sourcecode.swift; path = AgreementViewController.swift; sourceTree = "<group>"; };
		4F5911E9291BB58100D84018 /* AgreementContents.swift */ = {isa = PBXFileReference; lastKnownFileType = sourcecode.swift; path = AgreementContents.swift; sourceTree = "<group>"; };
		4F7D9D662921339B00A9ABE1 /* DetailViewController.swift */ = {isa = PBXFileReference; lastKnownFileType = sourcecode.swift; path = DetailViewController.swift; sourceTree = "<group>"; };
		4F89175B28FBC297005A1B81 /* UIColor+Extension.swift */ = {isa = PBXFileReference; lastKnownFileType = sourcecode.swift; path = "UIColor+Extension.swift"; sourceTree = "<group>"; };
		4F89175E28FBCC3E005A1B81 /* GmarketSans-Bold.otf */ = {isa = PBXFileReference; lastKnownFileType = file; path = "GmarketSans-Bold.otf"; sourceTree = "<group>"; };
		4F89175F28FBCC3E005A1B81 /* GmarketSans-Medium.otf */ = {isa = PBXFileReference; lastKnownFileType = file; path = "GmarketSans-Medium.otf"; sourceTree = "<group>"; };
		4F89176228FBCD3C005A1B81 /* UIFont+Extension.swift */ = {isa = PBXFileReference; lastKnownFileType = sourcecode.swift; path = "UIFont+Extension.swift"; sourceTree = "<group>"; };
		4FE736AD291E31A600861A0E /* LoginRequest.swift */ = {isa = PBXFileReference; lastKnownFileType = sourcecode.swift; path = LoginRequest.swift; sourceTree = "<group>"; };
		4FE736AF291E31E400861A0E /* SocialLoginResponse.swift */ = {isa = PBXFileReference; lastKnownFileType = sourcecode.swift; path = SocialLoginResponse.swift; sourceTree = "<group>"; };
		4FE736B3291EEA2800861A0E /* UIViewController+Extension.swift */ = {isa = PBXFileReference; lastKnownFileType = sourcecode.swift; path = "UIViewController+Extension.swift"; sourceTree = "<group>"; };
		4FE736B5291F560000861A0E /* LoginViewModel.swift */ = {isa = PBXFileReference; lastKnownFileType = sourcecode.swift; path = LoginViewModel.swift; sourceTree = "<group>"; };
		4FE736B7291F741F00861A0E /* AutoLoginResponse.swift */ = {isa = PBXFileReference; lastKnownFileType = sourcecode.swift; path = AutoLoginResponse.swift; sourceTree = "<group>"; };
		4FE736BA291FE0A800861A0E /* OnboardingViewController.swift */ = {isa = PBXFileReference; lastKnownFileType = sourcecode.swift; path = OnboardingViewController.swift; sourceTree = "<group>"; };
		4FE736BC291FE0D500861A0E /* OnboardingViewModel.swift */ = {isa = PBXFileReference; lastKnownFileType = sourcecode.swift; path = OnboardingViewModel.swift; sourceTree = "<group>"; };
		4FF2A66E28FD757C00C236C1 /* Config.xcconfig */ = {isa = PBXFileReference; lastKnownFileType = text.xcconfig; path = Config.xcconfig; sourceTree = "<group>"; };
		4FF2A67028FD806800C236C1 /* NetworkUtils.swift */ = {isa = PBXFileReference; lastKnownFileType = sourcecode.swift; path = NetworkUtils.swift; sourceTree = "<group>"; };
		4FF2A67428FE3E2800C236C1 /* TabBarController.swift */ = {isa = PBXFileReference; lastKnownFileType = sourcecode.swift; path = TabBarController.swift; sourceTree = "<group>"; };
		4FF2A67628FE45B700C236C1 /* TabBarItem.swift */ = {isa = PBXFileReference; lastKnownFileType = sourcecode.swift; path = TabBarItem.swift; sourceTree = "<group>"; };
		4FF2A67D28FE4BCF00C236C1 /* HomeViewController.swift */ = {isa = PBXFileReference; lastKnownFileType = sourcecode.swift; path = HomeViewController.swift; sourceTree = "<group>"; };
		4FF2A67F28FE4BE000C236C1 /* MessageViewController.swift */ = {isa = PBXFileReference; lastKnownFileType = sourcecode.swift; path = MessageViewController.swift; sourceTree = "<group>"; };
		4FF2A68128FE4BF000C236C1 /* ArticleViewController.swift */ = {isa = PBXFileReference; lastKnownFileType = sourcecode.swift; path = ArticleViewController.swift; sourceTree = "<group>"; };
		4FF2A68328FE4BFD00C236C1 /* WishViewController.swift */ = {isa = PBXFileReference; lastKnownFileType = sourcecode.swift; path = WishViewController.swift; sourceTree = "<group>"; };
		4FF2A68528FE4C0B00C236C1 /* MypageViewController.swift */ = {isa = PBXFileReference; lastKnownFileType = sourcecode.swift; path = MypageViewController.swift; sourceTree = "<group>"; };
		4FF2A68828FE6DFD00C236C1 /* BaseViewController.swift */ = {isa = PBXFileReference; lastKnownFileType = sourcecode.swift; path = BaseViewController.swift; sourceTree = "<group>"; };
		4FF2A68C28FEC4E000C236C1 /* DeviceUtils.swift */ = {isa = PBXFileReference; lastKnownFileType = sourcecode.swift; path = DeviceUtils.swift; sourceTree = "<group>"; };
		4FF4B4932913D92F0035ED7F /* BaseView.swift */ = {isa = PBXFileReference; lastKnownFileType = sourcecode.swift; path = BaseView.swift; sourceTree = "<group>"; };
		4FF4B49929142FF40035ED7F /* UIImage+Extension.swift */ = {isa = PBXFileReference; lastKnownFileType = sourcecode.swift; path = "UIImage+Extension.swift"; sourceTree = "<group>"; };
		4FF4B49C291646320035ED7F /* LoginViewController.swift */ = {isa = PBXFileReference; lastKnownFileType = sourcecode.swift; path = LoginViewController.swift; sourceTree = "<group>"; };
		4FF4B4A0291691A60035ED7F /* OnboardingCollectionViewCell.swift */ = {isa = PBXFileReference; lastKnownFileType = sourcecode.swift; path = OnboardingCollectionViewCell.swift; sourceTree = "<group>"; };
		4FFB547228FF9F0800093E97 /* HomeListViewController.swift */ = {isa = PBXFileReference; lastKnownFileType = sourcecode.swift; path = HomeListViewController.swift; sourceTree = "<group>"; };
		4FFB547728FFB77400093E97 /* PagerTab.swift */ = {isa = PBXFileReference; lastKnownFileType = sourcecode.swift; path = PagerTab.swift; sourceTree = "<group>"; };
		4FFB547A28FFEFA100093E97 /* HomeArtCollectionViewCell.swift */ = {isa = PBXFileReference; lastKnownFileType = sourcecode.swift; path = HomeArtCollectionViewCell.swift; sourceTree = "<group>"; };
		4FFB547F29016F4A00093E97 /* HomeTopView.swift */ = {isa = PBXFileReference; lastKnownFileType = sourcecode.swift; path = HomeTopView.swift; sourceTree = "<group>"; };
		4FFB5481290170E300093E97 /* BaseScrollView.swift */ = {isa = PBXFileReference; lastKnownFileType = sourcecode.swift; path = BaseScrollView.swift; sourceTree = "<group>"; };
		4FFB54852902221100093E97 /* UIButton+Extension.swift */ = {isa = PBXFileReference; lastKnownFileType = sourcecode.swift; path = "UIButton+Extension.swift"; sourceTree = "<group>"; };
		4FFB548A29025EE200093E97 /* HomeArtModel.swift */ = {isa = PBXFileReference; lastKnownFileType = sourcecode.swift; path = HomeArtModel.swift; sourceTree = "<group>"; };
		4FFB549129093EAF00093E97 /* UINavigationItem+Extension.swift */ = {isa = PBXFileReference; lastKnownFileType = sourcecode.swift; path = "UINavigationItem+Extension.swift"; sourceTree = "<group>"; };
		4FFB5493290A5E7200093E97 /* here-draw-ios.entitlements */ = {isa = PBXFileReference; lastKnownFileType = text.plist.entitlements; path = "here-draw-ios.entitlements"; sourceTree = "<group>"; };
		4FFB5494290CD7D900093E97 /* NavigationBarView.swift */ = {isa = PBXFileReference; lastKnownFileType = sourcecode.swift; path = NavigationBarView.swift; sourceTree = "<group>"; };
		4FFB549D2910445B00093E97 /* PinterestLayout.swift */ = {isa = PBXFileReference; lastKnownFileType = sourcecode.swift; path = PinterestLayout.swift; sourceTree = "<group>"; };
		9F2AF2563CF2B62C48D8433D /* Pods-here-draw-ios.release.xcconfig */ = {isa = PBXFileReference; includeInIndex = 1; lastKnownFileType = text.xcconfig; name = "Pods-here-draw-ios.release.xcconfig"; path = "Target Support Files/Pods-here-draw-ios/Pods-here-draw-ios.release.xcconfig"; sourceTree = "<group>"; };
		A785D247F376F6FF223E4DCB /* Pods_here_draw_ios.framework */ = {isa = PBXFileReference; explicitFileType = wrapper.framework; includeInIndex = 0; path = Pods_here_draw_ios.framework; sourceTree = BUILT_PRODUCTS_DIR; };
		CF4D2F51B831DC63E7A7EB02 /* Pods-here-draw-ios.debug.xcconfig */ = {isa = PBXFileReference; includeInIndex = 1; lastKnownFileType = text.xcconfig; name = "Pods-here-draw-ios.debug.xcconfig"; path = "Target Support Files/Pods-here-draw-ios/Pods-here-draw-ios.debug.xcconfig"; sourceTree = "<group>"; };
/* End PBXFileReference section */

/* Begin PBXFrameworksBuildPhase section */
		4F0A673128F6714600E2DFBA /* Frameworks */ = {
			isa = PBXFrameworksBuildPhase;
			buildActionMask = 2147483647;
			files = (
				04F7BDC030BF47FB6041BBD1 /* Pods_here_draw_ios.framework in Frameworks */,
			);
			runOnlyForDeploymentPostprocessing = 0;
		};
/* End PBXFrameworksBuildPhase section */

/* Begin PBXGroup section */
		4F025D7F2924B196007A164B /* Cell */ = {
			isa = PBXGroup;
			children = (
				4F025D802924B1C4007A164B /* ArtInfoTableViewCell.swift */,
				4F025D822924B1E8007A164B /* ArtHashtagTableViewCell.swift */,
				4F025D842924B205007A164B /* ArtistInfoTableViewCell.swift */,
				4F025D862924B22D007A164B /* ArtsTableViewCell.swift */,
				4F025D882924B24D007A164B /* ArtsCollectionViewCell.swift */,
			);
			path = Cell;
			sourceTree = "<group>";
		};
		4F025D8E2924E2B9007A164B /* Detail */ = {
			isa = PBXGroup;
			children = (
				4F025D8F2924E2E4007A164B /* ArtInfoResponse.swift */,
				4F025D9129254279007A164B /* ArtistInfoResponse.swift */,
				4F025D95292551EB007A164B /* OtherArtsResponse.swift */,
				4F025D9C29255CE4007A164B /* RecommendedArtsResponse.swift */,
				4F025D9E29256E7E007A164B /* ArtHeaderViewData.swift */,
			);
			path = Detail;
			sourceTree = "<group>";
		};
		4F025D97292553E0007A164B /* Enum */ = {
			isa = PBXGroup;
			children = (
				4F025D9829255422007A164B /* OtherArtsViewType.swift */,
				4F025D9A29255B61007A164B /* RecommendedArtsViewType.swift */,
			);
			path = Enum;
			sourceTree = "<group>";
		};
		4F04A913292082DF00DBF180 /* Onboarding */ = {
			isa = PBXGroup;
			children = (
				4F04A914292082F000DBF180 /* NicknameRequest.swift */,
				4F04A9162920831200DBF180 /* NicknameResponse.swift */,
			);
			path = Onboarding;
			sourceTree = "<group>";
		};
		4F0A672B28F6714600E2DFBA = {
			isa = PBXGroup;
			children = (
				4F0A673628F6714600E2DFBA /* here-draw-ios */,
				4F0A673528F6714600E2DFBA /* Products */,
				8FFD2449EBA1F1C25D444180 /* Pods */,
				98EB20A4DF133F2E288AE135 /* Frameworks */,
			);
			sourceTree = "<group>";
		};
		4F0A673528F6714600E2DFBA /* Products */ = {
			isa = PBXGroup;
			children = (
				4F0A673428F6714600E2DFBA /* here-draw-ios.app */,
			);
			name = Products;
			sourceTree = "<group>";
		};
		4F0A673628F6714600E2DFBA /* here-draw-ios */ = {
			isa = PBXGroup;
			children = (
				4F89175728FACFB7005A1B81 /* Application */,
				4F89175A28FBC269005A1B81 /* Extension */,
				4FFB548829025EBB00093E97 /* Model */,
				4FF2A67328FD82B200C236C1 /* Feature */,
				4FF2A66F28FD803500C236C1 /* Network */,
				4FF2A67228FD822400C236C1 /* Util */,
				4F89175828FAD30B005A1B81 /* Resource */,
				4F89175928FAD334005A1B81 /* Support */,
			);
			path = "here-draw-ios";
			sourceTree = "<group>";
		};
		4F5911DF291B6C4D00D84018 /* View */ = {
			isa = PBXGroup;
			children = (
				4F5911E0291B6C5D00D84018 /* AgreeBottomSheetView.swift */,
			);
			path = View;
			sourceTree = "<group>";
		};
		4F5911E4291B6CF100D84018 /* Login */ = {
			isa = PBXGroup;
			children = (
				4F5911E2291B6CE800D84018 /* AgreementTerms.swift */,
				4F5911E9291BB58100D84018 /* AgreementContents.swift */,
				4FE736AD291E31A600861A0E /* LoginRequest.swift */,
				4FE736AF291E31E400861A0E /* SocialLoginResponse.swift */,
				4FE736B7291F741F00861A0E /* AutoLoginResponse.swift */,
			);
			path = Login;
			sourceTree = "<group>";
		};
		4F7D9D652921334200A9ABE1 /* Detail */ = {
			isa = PBXGroup;
			children = (
				4F025D7F2924B196007A164B /* Cell */,
				4F7D9D68292133AF00A9ABE1 /* View */,
				4F7D9D69292133B400A9ABE1 /* ViewController */,
				4F025D8C2924E12B007A164B /* DetailViewModel.swift */,
			);
			path = Detail;
			sourceTree = "<group>";
		};
		4F7D9D68292133AF00A9ABE1 /* View */ = {
			isa = PBXGroup;
			children = (
				4F461CE429214743006A8576 /* ArtHeaderView.swift */,
				4F025DA629262E12007A164B /* SoldoutView.swift */,
			);
			path = View;
			sourceTree = "<group>";
		};
		4F7D9D69292133B400A9ABE1 /* ViewController */ = {
			isa = PBXGroup;
			children = (
				4F7D9D662921339B00A9ABE1 /* DetailViewController.swift */,
				4F025D7D2924AAB1007A164B /* DetailTableViewController.swift */,
			);
			path = ViewController;
			sourceTree = "<group>";
		};
		4F89175728FACFB7005A1B81 /* Application */ = {
			isa = PBXGroup;
			children = (
				4F0A673728F6714600E2DFBA /* AppDelegate.swift */,
				4F0A673928F6714600E2DFBA /* SceneDelegate.swift */,
			);
			path = Application;
			sourceTree = "<group>";
		};
		4F89175828FAD30B005A1B81 /* Resource */ = {
			isa = PBXGroup;
			children = (
				4F89175D28FBCC3E005A1B81 /* Font */,
				4F0A674028F6714700E2DFBA /* Assets.xcassets */,
			);
			path = Resource;
			sourceTree = "<group>";
		};
		4F89175928FAD334005A1B81 /* Support */ = {
			isa = PBXGroup;
			children = (
				4F0A674528F6714700E2DFBA /* Info.plist */,
				4FF2A66E28FD757C00C236C1 /* Config.xcconfig */,
				4FFB5493290A5E7200093E97 /* here-draw-ios.entitlements */,
			);
			path = Support;
			sourceTree = "<group>";
		};
		4F89175A28FBC269005A1B81 /* Extension */ = {
			isa = PBXGroup;
			children = (
				4F89175B28FBC297005A1B81 /* UIColor+Extension.swift */,
				4F89176228FBCD3C005A1B81 /* UIFont+Extension.swift */,
				4FFB54852902221100093E97 /* UIButton+Extension.swift */,
				4FFB549129093EAF00093E97 /* UINavigationItem+Extension.swift */,
				4FF4B49929142FF40035ED7F /* UIImage+Extension.swift */,
				4FE736B3291EEA2800861A0E /* UIViewController+Extension.swift */,
				4F025DA029257BF5007A164B /* UIView+Extension.swift */,
				4F025DA2292580A1007A164B /* UIImageView+Extension.swift */,
			);
			path = Extension;
			sourceTree = "<group>";
		};
		4F89175D28FBCC3E005A1B81 /* Font */ = {
			isa = PBXGroup;
			children = (
				4F89175E28FBCC3E005A1B81 /* GmarketSans-Bold.otf */,
				4F89175F28FBCC3E005A1B81 /* GmarketSans-Medium.otf */,
			);
			name = Font;
			path = "here-draw-ios/Resource/Font";
			sourceTree = SOURCE_ROOT;
		};
		4FE736B9291FDF4A00861A0E /* Onboarding */ = {
			isa = PBXGroup;
			children = (
				4FE736BA291FE0A800861A0E /* OnboardingViewController.swift */,
				4FE736BC291FE0D500861A0E /* OnboardingViewModel.swift */,
			);
			path = Onboarding;
			sourceTree = "<group>";
		};
		4FF2A66F28FD803500C236C1 /* Network */ = {
			isa = PBXGroup;
			children = (
				4F025D97292553E0007A164B /* Enum */,
				4F025D9329254D18007A164B /* UserAPI.swift */,
				4F025D8A2924E0F8007A164B /* ArtAPI.swift */,
			);
			path = Network;
			sourceTree = "<group>";
		};
		4FF2A67228FD822400C236C1 /* Util */ = {
			isa = PBXGroup;
			children = (
				4FF2A67028FD806800C236C1 /* NetworkUtils.swift */,
				4FF2A68C28FEC4E000C236C1 /* DeviceUtils.swift */,
			);
			path = Util;
			sourceTree = "<group>";
		};
		4FF2A67328FD82B200C236C1 /* Feature */ = {
			isa = PBXGroup;
			children = (
				4FF2A68728FE4C1300C236C1 /* Common */,
				4FE736B9291FDF4A00861A0E /* Onboarding */,
				4FF4B49B291646050035ED7F /* Login */,
				4FF2A67C28FE4B8000C236C1 /* Home */,
				4F7D9D652921334200A9ABE1 /* Detail */,
				4FF2A67B28FE4B7700C236C1 /* Message */,
				4FF2A67A28FE4B6900C236C1 /* Article */,
				4FF2A67928FE4B6000C236C1 /* Wish */,
				4FF2A67828FE4B4D00C236C1 /* Mypage */,
			);
			path = Feature;
			sourceTree = "<group>";
		};
		4FF2A67828FE4B4D00C236C1 /* Mypage */ = {
			isa = PBXGroup;
			children = (
				4FF2A68528FE4C0B00C236C1 /* MypageViewController.swift */,
			);
			path = Mypage;
			sourceTree = "<group>";
		};
		4FF2A67928FE4B6000C236C1 /* Wish */ = {
			isa = PBXGroup;
			children = (
				4FF2A68328FE4BFD00C236C1 /* WishViewController.swift */,
			);
			path = Wish;
			sourceTree = "<group>";
		};
		4FF2A67A28FE4B6900C236C1 /* Article */ = {
			isa = PBXGroup;
			children = (
				4FF2A68128FE4BF000C236C1 /* ArticleViewController.swift */,
			);
			path = Article;
			sourceTree = "<group>";
		};
		4FF2A67B28FE4B7700C236C1 /* Message */ = {
			isa = PBXGroup;
			children = (
				4FF2A67F28FE4BE000C236C1 /* MessageViewController.swift */,
			);
			path = Message;
			sourceTree = "<group>";
		};
		4FF2A67C28FE4B8000C236C1 /* Home */ = {
			isa = PBXGroup;
			children = (
				4FFB549C2910441A00093E97 /* Layout */,
				4FFB547928FFEF6100093E97 /* Cell */,
				4FFB547028FF9EC100093E97 /* View */,
				4FFB547128FF9ECE00093E97 /* ViewControllers */,
			);
			path = Home;
			sourceTree = "<group>";
		};
		4FF2A68728FE4C1300C236C1 /* Common */ = {
			isa = PBXGroup;
			children = (
				4FF2A67428FE3E2800C236C1 /* TabBarController.swift */,
				4FF2A67628FE45B700C236C1 /* TabBarItem.swift */,
				4FF2A68828FE6DFD00C236C1 /* BaseViewController.swift */,
				4FFB547728FFB77400093E97 /* PagerTab.swift */,
				4FFB5481290170E300093E97 /* BaseScrollView.swift */,
				4FFB5494290CD7D900093E97 /* NavigationBarView.swift */,
				4FF4B4932913D92F0035ED7F /* BaseView.swift */,
				4F5911DB291B6BC100D84018 /* BottomSheetView.swift */,
				4F5911DD291B6C0000D84018 /* PassThroughView.swift */,
			);
			path = Common;
			sourceTree = "<group>";
		};
		4FF4B49B291646050035ED7F /* Login */ = {
			isa = PBXGroup;
			children = (
				4F5911DF291B6C4D00D84018 /* View */,
				4FF4B49F291690710035ED7F /* Cell */,
				4FF4B49E291690570035ED7F /* ViewController */,
			);
			path = Login;
			sourceTree = "<group>";
		};
		4FF4B49E291690570035ED7F /* ViewController */ = {
			isa = PBXGroup;
			children = (
				4FF4B49C291646320035ED7F /* LoginViewController.swift */,
				4F5911E7291BA28A00D84018 /* AgreementViewController.swift */,
				4FE736B5291F560000861A0E /* LoginViewModel.swift */,
			);
			path = ViewController;
			sourceTree = "<group>";
		};
		4FF4B49F291690710035ED7F /* Cell */ = {
			isa = PBXGroup;
			children = (
				4FF4B4A0291691A60035ED7F /* OnboardingCollectionViewCell.swift */,
				4F5911E5291B725700D84018 /* AgreementTableViewCell.swift */,
			);
			path = Cell;
			sourceTree = "<group>";
		};
		4FFB547028FF9EC100093E97 /* View */ = {
			isa = PBXGroup;
			children = (
				4FFB547F29016F4A00093E97 /* HomeTopView.swift */,
			);
			path = View;
			sourceTree = "<group>";
		};
		4FFB547128FF9ECE00093E97 /* ViewControllers */ = {
			isa = PBXGroup;
			children = (
				4FF2A67D28FE4BCF00C236C1 /* HomeViewController.swift */,
				4FFB547228FF9F0800093E97 /* HomeListViewController.swift */,
			);
			path = ViewControllers;
			sourceTree = "<group>";
		};
		4FFB547928FFEF6100093E97 /* Cell */ = {
			isa = PBXGroup;
			children = (
				4FFB547A28FFEFA100093E97 /* HomeArtCollectionViewCell.swift */,
			);
			path = Cell;
			sourceTree = "<group>";
		};
		4FFB548829025EBB00093E97 /* Model */ = {
			isa = PBXGroup;
			children = (
				4F025D8E2924E2B9007A164B /* Detail */,
				4F04A913292082DF00DBF180 /* Onboarding */,
				4F5911E4291B6CF100D84018 /* Login */,
				4FFB548929025ECB00093E97 /* Home */,
				4F025DA429258414007A164B /* DynamicImage.swift */,
			);
			path = Model;
			sourceTree = "<group>";
		};
		4FFB548929025ECB00093E97 /* Home */ = {
			isa = PBXGroup;
			children = (
				4FFB548A29025EE200093E97 /* HomeArtModel.swift */,
			);
			path = Home;
			sourceTree = "<group>";
		};
		4FFB549C2910441A00093E97 /* Layout */ = {
			isa = PBXGroup;
			children = (
				4FFB549D2910445B00093E97 /* PinterestLayout.swift */,
			);
			path = Layout;
			sourceTree = "<group>";
		};
		8FFD2449EBA1F1C25D444180 /* Pods */ = {
			isa = PBXGroup;
			children = (
				CF4D2F51B831DC63E7A7EB02 /* Pods-here-draw-ios.debug.xcconfig */,
				9F2AF2563CF2B62C48D8433D /* Pods-here-draw-ios.release.xcconfig */,
			);
			path = Pods;
			sourceTree = "<group>";
		};
		98EB20A4DF133F2E288AE135 /* Frameworks */ = {
			isa = PBXGroup;
			children = (
				A785D247F376F6FF223E4DCB /* Pods_here_draw_ios.framework */,
			);
			name = Frameworks;
			sourceTree = "<group>";
		};
/* End PBXGroup section */

/* Begin PBXNativeTarget section */
		4F0A673328F6714600E2DFBA /* here-draw-ios */ = {
			isa = PBXNativeTarget;
			buildConfigurationList = 4F0A674828F6714700E2DFBA /* Build configuration list for PBXNativeTarget "here-draw-ios" */;
			buildPhases = (
				F80297764C9D2BADC51F34FF /* [CP] Check Pods Manifest.lock */,
				4F0A673028F6714600E2DFBA /* Sources */,
				4F0A673128F6714600E2DFBA /* Frameworks */,
				4F0A673228F6714600E2DFBA /* Resources */,
				91F65993DB4D6C09AD8336B3 /* [CP] Embed Pods Frameworks */,
			);
			buildRules = (
			);
			dependencies = (
			);
			name = "here-draw-ios";
			productName = "here-draw-ios";
			productReference = 4F0A673428F6714600E2DFBA /* here-draw-ios.app */;
			productType = "com.apple.product-type.application";
		};
/* End PBXNativeTarget section */

/* Begin PBXProject section */
		4F0A672C28F6714600E2DFBA /* Project object */ = {
			isa = PBXProject;
			attributes = {
				BuildIndependentTargetsInParallel = 1;
				LastSwiftUpdateCheck = 1400;
				LastUpgradeCheck = 1400;
				TargetAttributes = {
					4F0A673328F6714600E2DFBA = {
						CreatedOnToolsVersion = 14.0;
					};
				};
			};
			buildConfigurationList = 4F0A672F28F6714600E2DFBA /* Build configuration list for PBXProject "here-draw-ios" */;
			compatibilityVersion = "Xcode 14.0";
			developmentRegion = en;
			hasScannedForEncodings = 0;
			knownRegions = (
				en,
				Base,
			);
			mainGroup = 4F0A672B28F6714600E2DFBA;
			productRefGroup = 4F0A673528F6714600E2DFBA /* Products */;
			projectDirPath = "";
			projectRoot = "";
			targets = (
				4F0A673328F6714600E2DFBA /* here-draw-ios */,
			);
		};
/* End PBXProject section */

/* Begin PBXResourcesBuildPhase section */
		4F0A673228F6714600E2DFBA /* Resources */ = {
			isa = PBXResourcesBuildPhase;
			buildActionMask = 2147483647;
			files = (
				4F89176128FBCC3E005A1B81 /* GmarketSans-Medium.otf in Resources */,
				4F0A674128F6714700E2DFBA /* Assets.xcassets in Resources */,
				4F89176028FBCC3E005A1B81 /* GmarketSans-Bold.otf in Resources */,
			);
			runOnlyForDeploymentPostprocessing = 0;
		};
/* End PBXResourcesBuildPhase section */

/* Begin PBXShellScriptBuildPhase section */
		91F65993DB4D6C09AD8336B3 /* [CP] Embed Pods Frameworks */ = {
			isa = PBXShellScriptBuildPhase;
			buildActionMask = 2147483647;
			files = (
			);
			inputFileListPaths = (
				"${PODS_ROOT}/Target Support Files/Pods-here-draw-ios/Pods-here-draw-ios-frameworks-${CONFIGURATION}-input-files.xcfilelist",
			);
			name = "[CP] Embed Pods Frameworks";
			outputFileListPaths = (
				"${PODS_ROOT}/Target Support Files/Pods-here-draw-ios/Pods-here-draw-ios-frameworks-${CONFIGURATION}-output-files.xcfilelist",
			);
			runOnlyForDeploymentPostprocessing = 0;
			shellPath = /bin/sh;
			shellScript = "\"${PODS_ROOT}/Target Support Files/Pods-here-draw-ios/Pods-here-draw-ios-frameworks.sh\"\n";
			showEnvVarsInLog = 0;
		};
		F80297764C9D2BADC51F34FF /* [CP] Check Pods Manifest.lock */ = {
			isa = PBXShellScriptBuildPhase;
			buildActionMask = 2147483647;
			files = (
			);
			inputFileListPaths = (
			);
			inputPaths = (
				"${PODS_PODFILE_DIR_PATH}/Podfile.lock",
				"${PODS_ROOT}/Manifest.lock",
			);
			name = "[CP] Check Pods Manifest.lock";
			outputFileListPaths = (
			);
			outputPaths = (
				"$(DERIVED_FILE_DIR)/Pods-here-draw-ios-checkManifestLockResult.txt",
			);
			runOnlyForDeploymentPostprocessing = 0;
			shellPath = /bin/sh;
			shellScript = "diff \"${PODS_PODFILE_DIR_PATH}/Podfile.lock\" \"${PODS_ROOT}/Manifest.lock\" > /dev/null\nif [ $? != 0 ] ; then\n    # print error to STDERR\n    echo \"error: The sandbox is not in sync with the Podfile.lock. Run 'pod install' or update your CocoaPods installation.\" >&2\n    exit 1\nfi\n# This output is used by Xcode 'outputs' to avoid re-running this script phase.\necho \"SUCCESS\" > \"${SCRIPT_OUTPUT_FILE_0}\"\n";
			showEnvVarsInLog = 0;
		};
/* End PBXShellScriptBuildPhase section */

/* Begin PBXSourcesBuildPhase section */
		4F0A673028F6714600E2DFBA /* Sources */ = {
			isa = PBXSourcesBuildPhase;
			buildActionMask = 2147483647;
			files = (
				4FF4B49D291646320035ED7F /* LoginViewController.swift in Sources */,
				4FE736B0291E31E400861A0E /* SocialLoginResponse.swift in Sources */,
				4FF2A68928FE6DFD00C236C1 /* BaseViewController.swift in Sources */,
				4FFB547328FF9F0800093E97 /* HomeListViewController.swift in Sources */,
				4F025D812924B1C4007A164B /* ArtInfoTableViewCell.swift in Sources */,
				4F5911DE291B6C0000D84018 /* PassThroughView.swift in Sources */,
				4FE736B8291F741F00861A0E /* AutoLoginResponse.swift in Sources */,
				4FFB5495290CD7D900093E97 /* NavigationBarView.swift in Sources */,
				4F0A673828F6714600E2DFBA /* AppDelegate.swift in Sources */,
				4F04A9172920831200DBF180 /* NicknameResponse.swift in Sources */,
				4F461CE529214743006A8576 /* ArtHeaderView.swift in Sources */,
				4F025D9229254279007A164B /* ArtistInfoResponse.swift in Sources */,
				4F025DA529258414007A164B /* DynamicImage.swift in Sources */,
				4FFB548029016F4A00093E97 /* HomeTopView.swift in Sources */,
				4FE736BB291FE0A800861A0E /* OnboardingViewController.swift in Sources */,
				4F025D892924B24D007A164B /* ArtsCollectionViewCell.swift in Sources */,
				4FFB548B29025EE200093E97 /* HomeArtModel.swift in Sources */,
				4FFB547828FFB77400093E97 /* PagerTab.swift in Sources */,
				4F0A673A28F6714600E2DFBA /* SceneDelegate.swift in Sources */,
				4FF2A68628FE4C0B00C236C1 /* MypageViewController.swift in Sources */,
				4F7D9D672921339B00A9ABE1 /* DetailViewController.swift in Sources */,
				4FE736AE291E31A600861A0E /* LoginRequest.swift in Sources */,
				4F025D9929255422007A164B /* OtherArtsViewType.swift in Sources */,
				4F025D9B29255B61007A164B /* RecommendedArtsViewType.swift in Sources */,
				4F5911E6291B725700D84018 /* AgreementTableViewCell.swift in Sources */,
				4F89176328FBCD3C005A1B81 /* UIFont+Extension.swift in Sources */,
				4F025D8D2924E12B007A164B /* DetailViewModel.swift in Sources */,
				4FF2A68028FE4BE000C236C1 /* MessageViewController.swift in Sources */,
				4F025D902924E2E4007A164B /* ArtInfoResponse.swift in Sources */,
				4F025DA729262E12007A164B /* SoldoutView.swift in Sources */,
				4FF2A68428FE4BFD00C236C1 /* WishViewController.swift in Sources */,
				4F025D96292551EB007A164B /* OtherArtsResponse.swift in Sources */,
				4F025D872924B22D007A164B /* ArtsTableViewCell.swift in Sources */,
				4FF4B4942913D92F0035ED7F /* BaseView.swift in Sources */,
				4FF4B49A29142FF40035ED7F /* UIImage+Extension.swift in Sources */,
				4FFB549E2910445B00093E97 /* PinterestLayout.swift in Sources */,
				4F025D9D29255CE4007A164B /* RecommendedArtsResponse.swift in Sources */,
				4F025D9F29256E7E007A164B /* ArtHeaderViewData.swift in Sources */,
				4F025D9429254D18007A164B /* UserAPI.swift in Sources */,
				4F04A915292082F000DBF180 /* NicknameRequest.swift in Sources */,
				4F025D832924B1E8007A164B /* ArtHashtagTableViewCell.swift in Sources */,
				4F025D8B2924E0F8007A164B /* ArtAPI.swift in Sources */,
				4FF2A68228FE4BF000C236C1 /* ArticleViewController.swift in Sources */,
				4F5911E3291B6CE800D84018 /* AgreementTerms.swift in Sources */,
				4F5911DC291B6BC100D84018 /* BottomSheetView.swift in Sources */,
				4F5911EA291BB58100D84018 /* AgreementContents.swift in Sources */,
				4FF2A67528FE3E2800C236C1 /* TabBarController.swift in Sources */,
				4FFB547B28FFEFA100093E97 /* HomeArtCollectionViewCell.swift in Sources */,
				4FE736B4291EEA2800861A0E /* UIViewController+Extension.swift in Sources */,
				4F025D7E2924AAB1007A164B /* DetailTableViewController.swift in Sources */,
				4FE736B6291F560000861A0E /* LoginViewModel.swift in Sources */,
				4F5911E8291BA28A00D84018 /* AgreementViewController.swift in Sources */,
				4FF4B4A1291691A60035ED7F /* OnboardingCollectionViewCell.swift in Sources */,
				4FFB54862902221100093E97 /* UIButton+Extension.swift in Sources */,
				4F025D852924B205007A164B /* ArtistInfoTableViewCell.swift in Sources */,
				4FF2A67E28FE4BCF00C236C1 /* HomeViewController.swift in Sources */,
				4FF2A67128FD806800C236C1 /* NetworkUtils.swift in Sources */,
				4FE736BD291FE0D500861A0E /* OnboardingViewModel.swift in Sources */,
				4FF2A68D28FEC4E000C236C1 /* DeviceUtils.swift in Sources */,
				4F025DA129257BF5007A164B /* UIView+Extension.swift in Sources */,
				4F025DA3292580A1007A164B /* UIImageView+Extension.swift in Sources */,
				4FF2A67728FE45B700C236C1 /* TabBarItem.swift in Sources */,
				4FFB5482290170E300093E97 /* BaseScrollView.swift in Sources */,
				4FFB549229093EAF00093E97 /* UINavigationItem+Extension.swift in Sources */,
				4F5911E1291B6C5D00D84018 /* AgreeBottomSheetView.swift in Sources */,
				4F89175C28FBC297005A1B81 /* UIColor+Extension.swift in Sources */,
			);
			runOnlyForDeploymentPostprocessing = 0;
		};
/* End PBXSourcesBuildPhase section */

/* Begin XCBuildConfiguration section */
		4F0A674628F6714700E2DFBA /* Debug */ = {
			isa = XCBuildConfiguration;
			baseConfigurationReference = 4FF2A66E28FD757C00C236C1 /* Config.xcconfig */;
			buildSettings = {
				ALWAYS_SEARCH_USER_PATHS = NO;
				CLANG_ANALYZER_NONNULL = YES;
				CLANG_ANALYZER_NUMBER_OBJECT_CONVERSION = YES_AGGRESSIVE;
				CLANG_CXX_LANGUAGE_STANDARD = "gnu++20";
				CLANG_ENABLE_MODULES = YES;
				CLANG_ENABLE_OBJC_ARC = YES;
				CLANG_ENABLE_OBJC_WEAK = YES;
				CLANG_WARN_BLOCK_CAPTURE_AUTORELEASING = YES;
				CLANG_WARN_BOOL_CONVERSION = YES;
				CLANG_WARN_COMMA = YES;
				CLANG_WARN_CONSTANT_CONVERSION = YES;
				CLANG_WARN_DEPRECATED_OBJC_IMPLEMENTATIONS = YES;
				CLANG_WARN_DIRECT_OBJC_ISA_USAGE = YES_ERROR;
				CLANG_WARN_DOCUMENTATION_COMMENTS = YES;
				CLANG_WARN_EMPTY_BODY = YES;
				CLANG_WARN_ENUM_CONVERSION = YES;
				CLANG_WARN_INFINITE_RECURSION = YES;
				CLANG_WARN_INT_CONVERSION = YES;
				CLANG_WARN_NON_LITERAL_NULL_CONVERSION = YES;
				CLANG_WARN_OBJC_IMPLICIT_RETAIN_SELF = YES;
				CLANG_WARN_OBJC_LITERAL_CONVERSION = YES;
				CLANG_WARN_OBJC_ROOT_CLASS = YES_ERROR;
				CLANG_WARN_QUOTED_INCLUDE_IN_FRAMEWORK_HEADER = YES;
				CLANG_WARN_RANGE_LOOP_ANALYSIS = YES;
				CLANG_WARN_STRICT_PROTOTYPES = YES;
				CLANG_WARN_SUSPICIOUS_MOVE = YES;
				CLANG_WARN_UNGUARDED_AVAILABILITY = YES_AGGRESSIVE;
				CLANG_WARN_UNREACHABLE_CODE = YES;
				CLANG_WARN__DUPLICATE_METHOD_MATCH = YES;
				COPY_PHASE_STRIP = NO;
				DEBUG_INFORMATION_FORMAT = dwarf;
				ENABLE_STRICT_OBJC_MSGSEND = YES;
				ENABLE_TESTABILITY = YES;
				GCC_C_LANGUAGE_STANDARD = gnu11;
				GCC_DYNAMIC_NO_PIC = NO;
				GCC_NO_COMMON_BLOCKS = YES;
				GCC_OPTIMIZATION_LEVEL = 0;
				GCC_PREPROCESSOR_DEFINITIONS = (
					"DEBUG=1",
					"$(inherited)",
				);
				GCC_WARN_64_TO_32_BIT_CONVERSION = YES;
				GCC_WARN_ABOUT_RETURN_TYPE = YES_ERROR;
				GCC_WARN_UNDECLARED_SELECTOR = YES;
				GCC_WARN_UNINITIALIZED_AUTOS = YES_AGGRESSIVE;
				GCC_WARN_UNUSED_FUNCTION = YES;
				GCC_WARN_UNUSED_VARIABLE = YES;
				IPHONEOS_DEPLOYMENT_TARGET = 16.0;
				MTL_ENABLE_DEBUG_INFO = INCLUDE_SOURCE;
				MTL_FAST_MATH = YES;
				ONLY_ACTIVE_ARCH = YES;
				SDKROOT = iphoneos;
				SWIFT_ACTIVE_COMPILATION_CONDITIONS = DEBUG;
				SWIFT_OPTIMIZATION_LEVEL = "-Onone";
			};
			name = Debug;
		};
		4F0A674728F6714700E2DFBA /* Release */ = {
			isa = XCBuildConfiguration;
			baseConfigurationReference = 4FF2A66E28FD757C00C236C1 /* Config.xcconfig */;
			buildSettings = {
				ALWAYS_SEARCH_USER_PATHS = NO;
				CLANG_ANALYZER_NONNULL = YES;
				CLANG_ANALYZER_NUMBER_OBJECT_CONVERSION = YES_AGGRESSIVE;
				CLANG_CXX_LANGUAGE_STANDARD = "gnu++20";
				CLANG_ENABLE_MODULES = YES;
				CLANG_ENABLE_OBJC_ARC = YES;
				CLANG_ENABLE_OBJC_WEAK = YES;
				CLANG_WARN_BLOCK_CAPTURE_AUTORELEASING = YES;
				CLANG_WARN_BOOL_CONVERSION = YES;
				CLANG_WARN_COMMA = YES;
				CLANG_WARN_CONSTANT_CONVERSION = YES;
				CLANG_WARN_DEPRECATED_OBJC_IMPLEMENTATIONS = YES;
				CLANG_WARN_DIRECT_OBJC_ISA_USAGE = YES_ERROR;
				CLANG_WARN_DOCUMENTATION_COMMENTS = YES;
				CLANG_WARN_EMPTY_BODY = YES;
				CLANG_WARN_ENUM_CONVERSION = YES;
				CLANG_WARN_INFINITE_RECURSION = YES;
				CLANG_WARN_INT_CONVERSION = YES;
				CLANG_WARN_NON_LITERAL_NULL_CONVERSION = YES;
				CLANG_WARN_OBJC_IMPLICIT_RETAIN_SELF = YES;
				CLANG_WARN_OBJC_LITERAL_CONVERSION = YES;
				CLANG_WARN_OBJC_ROOT_CLASS = YES_ERROR;
				CLANG_WARN_QUOTED_INCLUDE_IN_FRAMEWORK_HEADER = YES;
				CLANG_WARN_RANGE_LOOP_ANALYSIS = YES;
				CLANG_WARN_STRICT_PROTOTYPES = YES;
				CLANG_WARN_SUSPICIOUS_MOVE = YES;
				CLANG_WARN_UNGUARDED_AVAILABILITY = YES_AGGRESSIVE;
				CLANG_WARN_UNREACHABLE_CODE = YES;
				CLANG_WARN__DUPLICATE_METHOD_MATCH = YES;
				COPY_PHASE_STRIP = NO;
				DEBUG_INFORMATION_FORMAT = "dwarf-with-dsym";
				ENABLE_NS_ASSERTIONS = NO;
				ENABLE_STRICT_OBJC_MSGSEND = YES;
				GCC_C_LANGUAGE_STANDARD = gnu11;
				GCC_NO_COMMON_BLOCKS = YES;
				GCC_WARN_64_TO_32_BIT_CONVERSION = YES;
				GCC_WARN_ABOUT_RETURN_TYPE = YES_ERROR;
				GCC_WARN_UNDECLARED_SELECTOR = YES;
				GCC_WARN_UNINITIALIZED_AUTOS = YES_AGGRESSIVE;
				GCC_WARN_UNUSED_FUNCTION = YES;
				GCC_WARN_UNUSED_VARIABLE = YES;
				IPHONEOS_DEPLOYMENT_TARGET = 16.0;
				MTL_ENABLE_DEBUG_INFO = NO;
				MTL_FAST_MATH = YES;
				SDKROOT = iphoneos;
				SWIFT_COMPILATION_MODE = wholemodule;
				SWIFT_OPTIMIZATION_LEVEL = "-O";
				VALIDATE_PRODUCT = YES;
			};
			name = Release;
		};
		4F0A674928F6714700E2DFBA /* Debug */ = {
			isa = XCBuildConfiguration;
			baseConfigurationReference = 4FF2A66E28FD757C00C236C1 /* Config.xcconfig */;
			buildSettings = {
				ASSETCATALOG_COMPILER_APPICON_NAME = AppIcon;
				ASSETCATALOG_COMPILER_GLOBAL_ACCENT_COLOR_NAME = AccentColor;
				CODE_SIGN_ENTITLEMENTS = "here-draw-ios/Support/here-draw-ios.entitlements";
				CODE_SIGN_IDENTITY = "Apple Development";
				CODE_SIGN_STYLE = Automatic;
				CURRENT_PROJECT_VERSION = 1;
				DEVELOPMENT_TEAM = 3AQ2WDVH35;
				GENERATE_INFOPLIST_FILE = YES;
				INFOPLIST_FILE = "here-draw-ios/Support/Info.plist";
				INFOPLIST_KEY_UIApplicationSupportsIndirectInputEvents = YES;
				INFOPLIST_KEY_UILaunchStoryboardName = "";
				INFOPLIST_KEY_UIMainStoryboardFile = "";
				INFOPLIST_KEY_UISupportedInterfaceOrientations_iPad = "UIInterfaceOrientationPortrait UIInterfaceOrientationPortraitUpsideDown UIInterfaceOrientationLandscapeLeft UIInterfaceOrientationLandscapeRight";
				INFOPLIST_KEY_UISupportedInterfaceOrientations_iPhone = "UIInterfaceOrientationPortrait UIInterfaceOrientationLandscapeLeft UIInterfaceOrientationLandscapeRight";
				INFOPLIST_KEY_UIUserInterfaceStyle = Dark;
				IPHONEOS_DEPLOYMENT_TARGET = 15.0;
				LD_RUNPATH_SEARCH_PATHS = (
					"$(inherited)",
					"@executable_path/Frameworks",
				);
				MARKETING_VERSION = 1.0;
				PRODUCT_BUNDLE_IDENTIFIER = "com.rpxss.here-draw-ios";
				PRODUCT_NAME = "$(TARGET_NAME)";
				PROVISIONING_PROFILE_SPECIFIER = "";
				SWIFT_EMIT_LOC_STRINGS = YES;
				SWIFT_VERSION = 5.0;
				TARGETED_DEVICE_FAMILY = "1,2";
			};
			name = Debug;
		};
		4F0A674A28F6714700E2DFBA /* Release */ = {
			isa = XCBuildConfiguration;
			baseConfigurationReference = 4FF2A66E28FD757C00C236C1 /* Config.xcconfig */;
			buildSettings = {
				ASSETCATALOG_COMPILER_APPICON_NAME = AppIcon;
				ASSETCATALOG_COMPILER_GLOBAL_ACCENT_COLOR_NAME = AccentColor;
				CODE_SIGN_ENTITLEMENTS = "here-draw-ios/Support/here-draw-ios.entitlements";
				CODE_SIGN_IDENTITY = "Apple Development";
				CODE_SIGN_STYLE = Automatic;
				CURRENT_PROJECT_VERSION = 1;
				DEVELOPMENT_TEAM = 3AQ2WDVH35;
				GENERATE_INFOPLIST_FILE = YES;
				INFOPLIST_FILE = "here-draw-ios/Support/Info.plist";
				INFOPLIST_KEY_UIApplicationSupportsIndirectInputEvents = YES;
				INFOPLIST_KEY_UILaunchStoryboardName = "";
				INFOPLIST_KEY_UIMainStoryboardFile = "";
				INFOPLIST_KEY_UISupportedInterfaceOrientations_iPad = "UIInterfaceOrientationPortrait UIInterfaceOrientationPortraitUpsideDown UIInterfaceOrientationLandscapeLeft UIInterfaceOrientationLandscapeRight";
				INFOPLIST_KEY_UISupportedInterfaceOrientations_iPhone = "UIInterfaceOrientationPortrait UIInterfaceOrientationLandscapeLeft UIInterfaceOrientationLandscapeRight";
				INFOPLIST_KEY_UIUserInterfaceStyle = Dark;
				IPHONEOS_DEPLOYMENT_TARGET = 15.0;
				LD_RUNPATH_SEARCH_PATHS = (
					"$(inherited)",
					"@executable_path/Frameworks",
				);
				MARKETING_VERSION = 1.0;
				PRODUCT_BUNDLE_IDENTIFIER = "com.rpxss.here-draw-ios";
				PRODUCT_NAME = "$(TARGET_NAME)";
				PROVISIONING_PROFILE_SPECIFIER = "";
				SWIFT_EMIT_LOC_STRINGS = YES;
				SWIFT_VERSION = 5.0;
				TARGETED_DEVICE_FAMILY = "1,2";
			};
			name = Release;
		};
/* End XCBuildConfiguration section */

/* Begin XCConfigurationList section */
		4F0A672F28F6714600E2DFBA /* Build configuration list for PBXProject "here-draw-ios" */ = {
			isa = XCConfigurationList;
			buildConfigurations = (
				4F0A674628F6714700E2DFBA /* Debug */,
				4F0A674728F6714700E2DFBA /* Release */,
			);
			defaultConfigurationIsVisible = 0;
			defaultConfigurationName = Release;
		};
		4F0A674828F6714700E2DFBA /* Build configuration list for PBXNativeTarget "here-draw-ios" */ = {
			isa = XCConfigurationList;
			buildConfigurations = (
				4F0A674928F6714700E2DFBA /* Debug */,
				4F0A674A28F6714700E2DFBA /* Release */,
			);
			defaultConfigurationIsVisible = 0;
			defaultConfigurationName = Release;
		};
/* End XCConfigurationList section */
	};
	rootObject = 4F0A672C28F6714600E2DFBA /* Project object */;
}
